
Microsoft Visual Studio Solution File, Format Version 12.00
Project("{FAE04EC0-301F-11D3-BF4B-00C04F79EFBC}") = "Scrutin", "Scrutin\Scrutin.csproj", "{4AFE3F9D-6757-4E65-B4FB-9D818DF05176}"
EndProject
Project("{FAE04EC0-301F-11D3-BF4B-00C04F79EFBC}") = "SpecFlowProject", "SpecFlowProject\SpecFlowProject.csproj", "{919959A4-4A8C-4DF5-8A14-F695C1211B5A}"
EndProject
Global
	GlobalSection(SolutionConfigurationPlatforms) = preSolution
		Debug|Any CPU = Debug|Any CPU
		Release|Any CPU = Release|Any CPU
	EndGlobalSection
	GlobalSection(ProjectConfigurationPlatforms) = postSolution
		{4AFE3F9D-6757-4E65-B4FB-9D818DF05176}.Debug|Any CPU.ActiveCfg = Debug|Any CPU
		{4AFE3F9D-6757-4E65-B4FB-9D818DF05176}.Debug|Any CPU.Build.0 = Debug|Any CPU
		{4AFE3F9D-6757-4E65-B4FB-9D818DF05176}.Release|Any CPU.ActiveCfg = Release|Any CPU
		{4AFE3F9D-6757-4E65-B4FB-9D818DF05176}.Release|Any CPU.Build.0 = Release|Any CPU
		{919959A4-4A8C-4DF5-8A14-F695C1211B5A}.Debug|Any CPU.ActiveCfg = Debug|Any CPU
		{919959A4-4A8C-4DF5-8A14-F695C1211B5A}.Debug|Any CPU.Build.0 = Debug|Any CPU
		{919959A4-4A8C-4DF5-8A14-F695C1211B5A}.Release|Any CPU.ActiveCfg = Release|Any CPU
		{919959A4-4A8C-4DF5-8A14-F695C1211B5A}.Release|Any CPU.Build.0 = Release|Any CPU
	EndGlobalSection
EndGlobal
